
Microsoft Visual Studio Solution File, Format Version 12.00
# Visual Studio 15
VisualStudioVersion = 15.0.26124.0
MinimumVisualStudioVersion = 15.0.26124.0
Project("{2150E333-8FDC-42A3-9474-1A3956D46DE8}") = "src", "src", "{72CC2BB8-79CE-4B73-ACD9-2D4ECD56CD34}"
EndProject
Project("{FAE04EC0-301F-11D3-BF4B-00C04F79EFBC}") = "Actio.Api", "src\Actio.Api\Actio.Api.csproj", "{C0181830-CC4F-42B5-91FC-E296D59C3888}"
EndProject
Project("{FAE04EC0-301F-11D3-BF4B-00C04F79EFBC}") = "Actio.Common", "src\Actio.Common\Actio.Common.csproj", "{27E6CEB2-968D-4E13-8C64-1EF3D6B82EB5}"
EndProject
Project("{FAE04EC0-301F-11D3-BF4B-00C04F79EFBC}") = "Actio.Services.Identity", "src\Actio.Services.Identity\Actio.Services.Identity.csproj", "{D2A56586-C011-49DE-9BC9-4077EBBD0CA2}"
EndProject
Project("{FAE04EC0-301F-11D3-BF4B-00C04F79EFBC}") = "Actio.Services.Activities", "src\Actio.Services.Activities\Actio.Services.Activities.csproj", "{582C58C5-2D24-4C5A-8D1D-7917E5275DB5}"
EndProject
Global
	GlobalSection(SolutionConfigurationPlatforms) = preSolution
		Debug|Any CPU = Debug|Any CPU
		Debug|x64 = Debug|x64
		Debug|x86 = Debug|x86
		Release|Any CPU = Release|Any CPU
		Release|x64 = Release|x64
		Release|x86 = Release|x86
	EndGlobalSection
	GlobalSection(SolutionProperties) = preSolution
		HideSolutionNode = FALSE
	EndGlobalSection
	GlobalSection(ProjectConfigurationPlatforms) = postSolution
		{C0181830-CC4F-42B5-91FC-E296D59C3888}.Debug|Any CPU.ActiveCfg = Debug|Any CPU
		{C0181830-CC4F-42B5-91FC-E296D59C3888}.Debug|Any CPU.Build.0 = Debug|Any CPU
		{C0181830-CC4F-42B5-91FC-E296D59C3888}.Debug|x64.ActiveCfg = Debug|Any CPU
		{C0181830-CC4F-42B5-91FC-E296D59C3888}.Debug|x64.Build.0 = Debug|Any CPU
		{C0181830-CC4F-42B5-91FC-E296D59C3888}.Debug|x86.ActiveCfg = Debug|Any CPU
		{C0181830-CC4F-42B5-91FC-E296D59C3888}.Debug|x86.Build.0 = Debug|Any CPU
		{C0181830-CC4F-42B5-91FC-E296D59C3888}.Release|Any CPU.ActiveCfg = Release|Any CPU
		{C0181830-CC4F-42B5-91FC-E296D59C3888}.Release|Any CPU.Build.0 = Release|Any CPU
		{C0181830-CC4F-42B5-91FC-E296D59C3888}.Release|x64.ActiveCfg = Release|Any CPU
		{C0181830-CC4F-42B5-91FC-E296D59C3888}.Release|x64.Build.0 = Release|Any CPU
		{C0181830-CC4F-42B5-91FC-E296D59C3888}.Release|x86.ActiveCfg = Release|Any CPU
		{C0181830-CC4F-42B5-91FC-E296D59C3888}.Release|x86.Build.0 = Release|Any CPU
		{27E6CEB2-968D-4E13-8C64-1EF3D6B82EB5}.Debug|Any CPU.ActiveCfg = Debug|Any CPU
		{27E6CEB2-968D-4E13-8C64-1EF3D6B82EB5}.Debug|Any CPU.Build.0 = Debug|Any CPU
		{27E6CEB2-968D-4E13-8C64-1EF3D6B82EB5}.Debug|x64.ActiveCfg = Debug|Any CPU
		{27E6CEB2-968D-4E13-8C64-1EF3D6B82EB5}.Debug|x64.Build.0 = Debug|Any CPU
		{27E6CEB2-968D-4E13-8C64-1EF3D6B82EB5}.Debug|x86.ActiveCfg = Debug|Any CPU
		{27E6CEB2-968D-4E13-8C64-1EF3D6B82EB5}.Debug|x86.Build.0 = Debug|Any CPU
		{27E6CEB2-968D-4E13-8C64-1EF3D6B82EB5}.Release|Any CPU.ActiveCfg = Release|Any CPU
		{27E6CEB2-968D-4E13-8C64-1EF3D6B82EB5}.Release|Any CPU.Build.0 = Release|Any CPU
		{27E6CEB2-968D-4E13-8C64-1EF3D6B82EB5}.Release|x64.ActiveCfg = Release|Any CPU
		{27E6CEB2-968D-4E13-8C64-1EF3D6B82EB5}.Release|x64.Build.0 = Release|Any CPU
		{27E6CEB2-968D-4E13-8C64-1EF3D6B82EB5}.Release|x86.ActiveCfg = Release|Any CPU
		{27E6CEB2-968D-4E13-8C64-1EF3D6B82EB5}.Release|x86.Build.0 = Release|Any CPU
		{D2A56586-C011-49DE-9BC9-4077EBBD0CA2}.Debug|Any CPU.ActiveCfg = Debug|Any CPU
		{D2A56586-C011-49DE-9BC9-4077EBBD0CA2}.Debug|Any CPU.Build.0 = Debug|Any CPU
		{D2A56586-C011-49DE-9BC9-4077EBBD0CA2}.Debug|x64.ActiveCfg = Debug|Any CPU
		{D2A56586-C011-49DE-9BC9-4077EBBD0CA2}.Debug|x64.Build.0 = Debug|Any CPU
		{D2A56586-C011-49DE-9BC9-4077EBBD0CA2}.Debug|x86.ActiveCfg = Debug|Any CPU
		{D2A56586-C011-49DE-9BC9-4077EBBD0CA2}.Debug|x86.Build.0 = Debug|Any CPU
		{D2A56586-C011-49DE-9BC9-4077EBBD0CA2}.Release|Any CPU.ActiveCfg = Release|Any CPU
		{D2A56586-C011-49DE-9BC9-4077EBBD0CA2}.Release|Any CPU.Build.0 = Release|Any CPU
		{D2A56586-C011-49DE-9BC9-4077EBBD0CA2}.Release|x64.ActiveCfg = Release|Any CPU
		{D2A56586-C011-49DE-9BC9-4077EBBD0CA2}.Release|x64.Build.0 = Release|Any CPU
		{D2A56586-C011-49DE-9BC9-4077EBBD0CA2}.Release|x86.ActiveCfg = Release|Any CPU
		{D2A56586-C011-49DE-9BC9-4077EBBD0CA2}.Release|x86.Build.0 = Release|Any CPU
		{582C58C5-2D24-4C5A-8D1D-7917E5275DB5}.Debug|Any CPU.ActiveCfg = Debug|Any CPU
		{582C58C5-2D24-4C5A-8D1D-7917E5275DB5}.Debug|Any CPU.Build.0 = Debug|Any CPU
		{582C58C5-2D24-4C5A-8D1D-7917E5275DB5}.Debug|x64.ActiveCfg = Debug|Any CPU
		{582C58C5-2D24-4C5A-8D1D-7917E5275DB5}.Debug|x64.Build.0 = Debug|Any CPU
		{582C58C5-2D24-4C5A-8D1D-7917E5275DB5}.Debug|x86.ActiveCfg = Debug|Any CPU
		{582C58C5-2D24-4C5A-8D1D-7917E5275DB5}.Debug|x86.Build.0 = Debug|Any CPU
		{582C58C5-2D24-4C5A-8D1D-7917E5275DB5}.Release|Any CPU.ActiveCfg = Release|Any CPU
		{582C58C5-2D24-4C5A-8D1D-7917E5275DB5}.Release|Any CPU.Build.0 = Release|Any CPU
		{582C58C5-2D24-4C5A-8D1D-7917E5275DB5}.Release|x64.ActiveCfg = Release|Any CPU
		{582C58C5-2D24-4C5A-8D1D-7917E5275DB5}.Release|x64.Build.0 = Release|Any CPU
		{582C58C5-2D24-4C5A-8D1D-7917E5275DB5}.Release|x86.ActiveCfg = Release|Any CPU
		{582C58C5-2D24-4C5A-8D1D-7917E5275DB5}.Release|x86.Build.0 = Release|Any CPU
	EndGlobalSection
	GlobalSection(NestedProjects) = preSolution
		{C0181830-CC4F-42B5-91FC-E296D59C3888} = {72CC2BB8-79CE-4B73-ACD9-2D4ECD56CD34}
		{27E6CEB2-968D-4E13-8C64-1EF3D6B82EB5} = {72CC2BB8-79CE-4B73-ACD9-2D4ECD56CD34}
		{D2A56586-C011-49DE-9BC9-4077EBBD0CA2} = {72CC2BB8-79CE-4B73-ACD9-2D4ECD56CD34}
		{582C58C5-2D24-4C5A-8D1D-7917E5275DB5} = {72CC2BB8-79CE-4B73-ACD9-2D4ECD56CD34}
	EndGlobalSection
EndGlobal
